
Microsoft Visual Studio Solution File, Format Version 12.00
# Visual Studio Version 16
VisualStudioVersion = 16.0.33027.164
MinimumVisualStudioVersion = 10.0.40219.1
Project("{FAE04EC0-301F-11D3-BF4B-00C04F79EFBC}") = "MethodsAndObjects", "MethodsAndObjects\MethodsAndObjects.csproj", "{4EA73327-7C2D-46EB-B6A2-B88F11853EEF}"
EndProject
Global
	GlobalSection(SolutionConfigurationPlatforms) = preSolution
		Debug|Any CPU = Debug|Any CPU
		Release|Any CPU = Release|Any CPU
	EndGlobalSection
	GlobalSection(ProjectConfigurationPlatforms) = postSolution
		{4EA73327-7C2D-46EB-B6A2-B88F11853EEF}.Debug|Any CPU.ActiveCfg = Debug|Any CPU
		{4EA73327-7C2D-46EB-B6A2-B88F11853EEF}.Debug|Any CPU.Build.0 = Debug|Any CPU
		{4EA73327-7C2D-46EB-B6A2-B88F11853EEF}.Release|Any CPU.ActiveCfg = Release|Any CPU
		{4EA73327-7C2D-46EB-B6A2-B88F11853EEF}.Release|Any CPU.Build.0 = Release|Any CPU
	EndGlobalSection
	GlobalSection(SolutionProperties) = preSolution
		HideSolutionNode = FALSE
	EndGlobalSection
	GlobalSection(ExtensibilityGlobals) = postSolution
		SolutionGuid = {7A1FA202-0DDB-4FF1-89A8-DCBFA1C3C1B1}
	EndGlobalSection
EndGlobal
