
Microsoft Visual Studio Solution File, Format Version 12.00
# Visual Studio Version 16
VisualStudioVersion = 16.0.33027.164
MinimumVisualStudioVersion = 10.0.40219.1
Project("{FAE04EC0-301F-11D3-BF4B-00C04F79EFBC}") = "CarInsurance", "CarInsurance\CarInsurance.csproj", "{4A16B933-E45C-49F8-8465-A87E121674FF}"
EndProject
Global
	GlobalSection(SolutionConfigurationPlatforms) = preSolution
		Debug|Any CPU = Debug|Any CPU
		Release|Any CPU = Release|Any CPU
	EndGlobalSection
	GlobalSection(ProjectConfigurationPlatforms) = postSolution
		{4A16B933-E45C-49F8-8465-A87E121674FF}.Debug|Any CPU.ActiveCfg = Debug|Any CPU
		{4A16B933-E45C-49F8-8465-A87E121674FF}.Debug|Any CPU.Build.0 = Debug|Any CPU
		{4A16B933-E45C-49F8-8465-A87E121674FF}.Release|Any CPU.ActiveCfg = Release|Any CPU
		{4A16B933-E45C-49F8-8465-A87E121674FF}.Release|Any CPU.Build.0 = Release|Any CPU
	EndGlobalSection
	GlobalSection(SolutionProperties) = preSolution
		HideSolutionNode = FALSE
	EndGlobalSection
	GlobalSection(ExtensibilityGlobals) = postSolution
		SolutionGuid = {6109EA6A-997E-4FEB-87BD-909B0C77ADC3}
	EndGlobalSection
EndGlobal
