
Microsoft Visual Studio Solution File, Format Version 12.00
# Visual Studio Version 16
VisualStudioVersion = 16.0.33027.164
MinimumVisualStudioVersion = 10.0.40219.1
Project("{FAE04EC0-301F-11D3-BF4B-00C04F79EFBC}") = "CallingMethods", "CallingMethods\CallingMethods.csproj", "{D1B172FB-57DB-44F7-B647-23EABA429A2D}"
EndProject
Global
	GlobalSection(SolutionConfigurationPlatforms) = preSolution
		Debug|Any CPU = Debug|Any CPU
		Release|Any CPU = Release|Any CPU
	EndGlobalSection
	GlobalSection(ProjectConfigurationPlatforms) = postSolution
		{D1B172FB-57DB-44F7-B647-23EABA429A2D}.Debug|Any CPU.ActiveCfg = Debug|Any CPU
		{D1B172FB-57DB-44F7-B647-23EABA429A2D}.Debug|Any CPU.Build.0 = Debug|Any CPU
		{D1B172FB-57DB-44F7-B647-23EABA429A2D}.Release|Any CPU.ActiveCfg = Release|Any CPU
		{D1B172FB-57DB-44F7-B647-23EABA429A2D}.Release|Any CPU.Build.0 = Release|Any CPU
	EndGlobalSection
	GlobalSection(SolutionProperties) = preSolution
		HideSolutionNode = FALSE
	EndGlobalSection
	GlobalSection(ExtensibilityGlobals) = postSolution
		SolutionGuid = {764C229B-C548-4BDE-B7EC-D0CB7A9607D0}
	EndGlobalSection
EndGlobal
