
Microsoft Visual Studio Solution File, Format Version 12.00
# Visual Studio Version 16
VisualStudioVersion = 16.0.33027.164
MinimumVisualStudioVersion = 10.0.40219.1
Project("{FAE04EC0-301F-11D3-BF4B-00C04F79EFBC}") = "MethodConsoleApp", "MethodConsoleApp\MethodConsoleApp.csproj", "{59CEDC8B-E059-4906-B435-64798D07BFAE}"
EndProject
Global
	GlobalSection(SolutionConfigurationPlatforms) = preSolution
		Debug|Any CPU = Debug|Any CPU
		Release|Any CPU = Release|Any CPU
	EndGlobalSection
	GlobalSection(ProjectConfigurationPlatforms) = postSolution
		{59CEDC8B-E059-4906-B435-64798D07BFAE}.Debug|Any CPU.ActiveCfg = Debug|Any CPU
		{59CEDC8B-E059-4906-B435-64798D07BFAE}.Debug|Any CPU.Build.0 = Debug|Any CPU
		{59CEDC8B-E059-4906-B435-64798D07BFAE}.Release|Any CPU.ActiveCfg = Release|Any CPU
		{59CEDC8B-E059-4906-B435-64798D07BFAE}.Release|Any CPU.Build.0 = Release|Any CPU
	EndGlobalSection
	GlobalSection(SolutionProperties) = preSolution
		HideSolutionNode = FALSE
	EndGlobalSection
	GlobalSection(ExtensibilityGlobals) = postSolution
		SolutionGuid = {CB31CEDF-BC0A-4F08-8D7C-39A764A0038F}
	EndGlobalSection
EndGlobal
